
Microsoft Visual Studio Solution File, Format Version 12.00
# Visual Studio 2013
VisualStudioVersion = 12.0.31101.0
MinimumVisualStudioVersion = 10.0.40219.1
Project("{FAE04EC0-301F-11D3-BF4B-00C04F79EFBC}") = "PersonalToolsMAIN", "PersonalTools\PersonalToolsMAIN.csproj", "{BBEEB09A-063A-4C21-8898-FEB729C21F89}"
EndProject
Project("{2150E333-8FDC-42A3-9474-1A3956D46DE8}") = "NewFolder1", "NewFolder1", "{7D4C0D95-86AF-4182-B814-3CCD38850CFF}"
EndProject
Project("{FAE04EC0-301F-11D3-BF4B-00C04F79EFBC}") = "DataAccessLayer", "DataAccessLayer\DataAccessLayer.csproj", "{4A66E047-226F-443D-9027-716C3B850D18}"
EndProject
Global
	GlobalSection(SolutionConfigurationPlatforms) = preSolution
		Debug|Any CPU = Debug|Any CPU
		Release|Any CPU = Release|Any CPU
	EndGlobalSection
	GlobalSection(ProjectConfigurationPlatforms) = postSolution
		{BBEEB09A-063A-4C21-8898-FEB729C21F89}.Debug|Any CPU.ActiveCfg = Debug|Any CPU
		{BBEEB09A-063A-4C21-8898-FEB729C21F89}.Debug|Any CPU.Build.0 = Debug|Any CPU
		{BBEEB09A-063A-4C21-8898-FEB729C21F89}.Release|Any CPU.ActiveCfg = Release|Any CPU
		{BBEEB09A-063A-4C21-8898-FEB729C21F89}.Release|Any CPU.Build.0 = Release|Any CPU
		{4A66E047-226F-443D-9027-716C3B850D18}.Debug|Any CPU.ActiveCfg = Debug|Any CPU
		{4A66E047-226F-443D-9027-716C3B850D18}.Debug|Any CPU.Build.0 = Debug|Any CPU
		{4A66E047-226F-443D-9027-716C3B850D18}.Release|Any CPU.ActiveCfg = Release|Any CPU
		{4A66E047-226F-443D-9027-716C3B850D18}.Release|Any CPU.Build.0 = Release|Any CPU
	EndGlobalSection
	GlobalSection(SolutionProperties) = preSolution
		HideSolutionNode = FALSE
	EndGlobalSection
EndGlobal
